
Microsoft Visual Studio Solution File, Format Version 12.00
# Visual Studio Version 16
VisualStudioVersion = 16.0.32602.291
MinimumVisualStudioVersion = 10.0.40219.1
Project("{9A19103F-16F7-4668-BE54-9A1E7A4F7556}") = "AppConsole", "App.Console\AppConsole.csproj", "{3CC8743F-4870-4AE2-B5BA-6817E0AE059C}"
EndProject
Project("{9A19103F-16F7-4668-BE54-9A1E7A4F7556}") = "SecretsCredentials", "AppInfra\SecretsCredentials.csproj", "{8CE1B565-8030-4DF8-B252-53BD5E354B85}"
EndProject
Project("{FAE04EC0-301F-11D3-BF4B-00C04F79EFBC}") = "SecretsManager.UnitTests", "SecretsManager.UnitTests\SecretsManager.UnitTests.csproj", "{6F0617F4-E44C-4B21-92FA-20F1BA97F939}"
EndProject
Global
	GlobalSection(SolutionConfigurationPlatforms) = preSolution
		Debug|Any CPU = Debug|Any CPU
		Release|Any CPU = Release|Any CPU
	EndGlobalSection
	GlobalSection(ProjectConfigurationPlatforms) = postSolution
		{3CC8743F-4870-4AE2-B5BA-6817E0AE059C}.Debug|Any CPU.ActiveCfg = Debug|Any CPU
		{3CC8743F-4870-4AE2-B5BA-6817E0AE059C}.Debug|Any CPU.Build.0 = Debug|Any CPU
		{3CC8743F-4870-4AE2-B5BA-6817E0AE059C}.Release|Any CPU.ActiveCfg = Release|Any CPU
		{3CC8743F-4870-4AE2-B5BA-6817E0AE059C}.Release|Any CPU.Build.0 = Release|Any CPU
		{8CE1B565-8030-4DF8-B252-53BD5E354B85}.Debug|Any CPU.ActiveCfg = Debug|Any CPU
		{8CE1B565-8030-4DF8-B252-53BD5E354B85}.Debug|Any CPU.Build.0 = Debug|Any CPU
		{8CE1B565-8030-4DF8-B252-53BD5E354B85}.Release|Any CPU.ActiveCfg = Release|Any CPU
		{8CE1B565-8030-4DF8-B252-53BD5E354B85}.Release|Any CPU.Build.0 = Release|Any CPU
		{6F0617F4-E44C-4B21-92FA-20F1BA97F939}.Debug|Any CPU.ActiveCfg = Debug|Any CPU
		{6F0617F4-E44C-4B21-92FA-20F1BA97F939}.Debug|Any CPU.Build.0 = Debug|Any CPU
		{6F0617F4-E44C-4B21-92FA-20F1BA97F939}.Release|Any CPU.ActiveCfg = Release|Any CPU
		{6F0617F4-E44C-4B21-92FA-20F1BA97F939}.Release|Any CPU.Build.0 = Release|Any CPU
	EndGlobalSection
	GlobalSection(SolutionProperties) = preSolution
		HideSolutionNode = FALSE
	EndGlobalSection
	GlobalSection(ExtensibilityGlobals) = postSolution
		SolutionGuid = {3D68155B-CBF0-4A45-9686-9D247F331AF1}
	EndGlobalSection
EndGlobal
